// !$*UTF8*$!
{
	archiveVersion = 1;
	classes = {
	};
	objectVersion = 50;
	objects = {

/* Begin PBXBuildFile section */
		FD1FAFDA20E4B3C800FCCC49 /* AppDelegate.swift in Sources */ = {isa = PBXBuildFile; fileRef = FD1FAFD920E4B3C800FCCC49 /* AppDelegate.swift */; };
		FD1FAFDC20E4B3C800FCCC49 /* ViewController.swift in Sources */ = {isa = PBXBuildFile; fileRef = FD1FAFDB20E4B3C800FCCC49 /* ViewController.swift */; };
		FD1FAFDF20E4B3C800FCCC49 /* Main.storyboard in Resources */ = {isa = PBXBuildFile; fileRef = FD1FAFDD20E4B3C800FCCC49 /* Main.storyboard */; };
		FD1FAFE120E4B3C900FCCC49 /* Assets.xcassets in Resources */ = {isa = PBXBuildFile; fileRef = FD1FAFE020E4B3C900FCCC49 /* Assets.xcassets */; };
		FD1FAFE420E4B3C900FCCC49 /* LaunchScreen.storyboard in Resources */ = {isa = PBXBuildFile; fileRef = FD1FAFE220E4B3C900FCCC49 /* LaunchScreen.storyboard */; };
		FD1FAFEC20E4B47500FCCC49 /* Landmark.swift in Sources */ = {isa = PBXBuildFile; fileRef = FD1FAFEB20E4B47500FCCC49 /* Landmark.swift */; };
		FD1FAFEE20E4C97600FCCC49 /* OldDataModel.swift in Sources */ = {isa = PBXBuildFile; fileRef = FD1FAFED20E4C97600FCCC49 /* OldDataModel.swift */; };
/* End PBXBuildFile section */

/* Begin PBXFileReference section */
		FD1FAFD620E4B3C800FCCC49 /* EncodingDecoding.app */ = {isa = PBXFileReference; explicitFileType = wrapper.application; includeInIndex = 0; path = EncodingDecoding.app; sourceTree = BUILT_PRODUCTS_DIR; };
		FD1FAFD920E4B3C800FCCC49 /* AppDelegate.swift */ = {isa = PBXFileReference; lastKnownFileType = sourcecode.swift; path = AppDelegate.swift; sourceTree = "<group>"; };
		FD1FAFDB20E4B3C800FCCC49 /* ViewController.swift */ = {isa = PBXFileReference; lastKnownFileType = sourcecode.swift; path = ViewController.swift; sourceTree = "<group>"; };
		FD1FAFDE20E4B3C800FCCC49 /* Base */ = {isa = PBXFileReference; lastKnownFileType = file.storyboard; name = Base; path = Base.lproj/Main.storyboard; sourceTree = "<group>"; };
		FD1FAFE020E4B3C900FCCC49 /* Assets.xcassets */ = {isa = PBXFileReference; lastKnownFileType = folder.assetcatalog; path = Assets.xcassets; sourceTree = "<group>"; };
		FD1FAFE320E4B3C900FCCC49 /* Base */ = {isa = PBXFileReference; lastKnownFileType = file.storyboard; name = Base; path = Base.lproj/LaunchScreen.storyboard; sourceTree = "<group>"; };
		FD1FAFE520E4B3C900FCCC49 /* Info.plist */ = {isa = PBXFileReference; lastKnownFileType = text.plist.xml; path = Info.plist; sourceTree = "<group>"; };
		FD1FAFEB20E4B47500FCCC49 /* Landmark.swift */ = {isa = PBXFileReference; lastKnownFileType = sourcecode.swift; path = Landmark.swift; sourceTree = "<group>"; };
		FD1FAFED20E4C97600FCCC49 /* OldDataModel.swift */ = {isa = PBXFileReference; lastKnownFileType = sourcecode.swift; path = OldDataModel.swift; sourceTree = "<group>"; };
/* End PBXFileReference section */

/* Begin PBXFrameworksBuildPhase section */
		FD1FAFD320E4B3C800FCCC49 /* Frameworks */ = {
			isa = PBXFrameworksBuildPhase;
			buildActionMask = 2147483647;
			files = (
			);
			runOnlyForDeploymentPostprocessing = 0;
		};
/* End PBXFrameworksBuildPhase section */

/* Begin PBXGroup section */
		FD1FAFCD20E4B3C800FCCC49 = {
			isa = PBXGroup;
			children = (
				FD1FAFD820E4B3C800FCCC49 /* EncodingDecoding */,
				FD1FAFD720E4B3C800FCCC49 /* Products */,
			);
			sourceTree = "<group>";
		};
		FD1FAFD720E4B3C800FCCC49 /* Products */ = {
			isa = PBXGroup;
			children = (
				FD1FAFD620E4B3C800FCCC49 /* EncodingDecoding.app */,
			);
			name = Products;
			sourceTree = "<group>";
		};
		FD1FAFD820E4B3C800FCCC49 /* EncodingDecoding */ = {
			isa = PBXGroup;
			children = (
				FD1FAFD920E4B3C800FCCC49 /* AppDelegate.swift */,
				FD1FAFED20E4C97600FCCC49 /* OldDataModel.swift */,
				FD1FAFDB20E4B3C800FCCC49 /* ViewController.swift */,
				FD1FAFEB20E4B47500FCCC49 /* Landmark.swift */,
				FD1FAFDD20E4B3C800FCCC49 /* Main.storyboard */,
				FD1FAFE020E4B3C900FCCC49 /* Assets.xcassets */,
				FD1FAFE220E4B3C900FCCC49 /* LaunchScreen.storyboard */,
				FD1FAFE520E4B3C900FCCC49 /* Info.plist */,
			);
			path = EncodingDecoding;
			sourceTree = "<group>";
		};
/* End PBXGroup section */

/* Begin PBXNativeTarget section */
		FD1FAFD520E4B3C800FCCC49 /* EncodingDecoding */ = {
			isa = PBXNativeTarget;
			buildConfigurationList = FD1FAFE820E4B3C900FCCC49 /* Build configuration list for PBXNativeTarget "EncodingDecoding" */;
			buildPhases = (
				FD1FAFD220E4B3C800FCCC49 /* Sources */,
				FD1FAFD320E4B3C800FCCC49 /* Frameworks */,
				FD1FAFD420E4B3C800FCCC49 /* Resources */,
			);
			buildRules = (
			);
			dependencies = (
			);
			name = EncodingDecoding;
			productName = EncodingDecoding;
			productReference = FD1FAFD620E4B3C800FCCC49 /* EncodingDecoding.app */;
			productType = "com.apple.product-type.application";
		};
/* End PBXNativeTarget section */

/* Begin PBXProject section */
		FD1FAFCE20E4B3C800FCCC49 /* Project object */ = {
			isa = PBXProject;
			attributes = {
				LastSwiftUpdateCheck = 0940;
				LastUpgradeCheck = 0940;
				ORGANIZATIONNAME = "Deepak P. Patil";
				TargetAttributes = {
					FD1FAFD520E4B3C800FCCC49 = {
						CreatedOnToolsVersion = 9.4;
					};
				};
			};
			buildConfigurationList = FD1FAFD120E4B3C800FCCC49 /* Build configuration list for PBXProject "EncodingDecoding" */;
			compatibilityVersion = "Xcode 9.3";
			developmentRegion = en;
			hasScannedForEncodings = 0;
			knownRegions = (
				en,
				Base,
			);
			mainGroup = FD1FAFCD20E4B3C800FCCC49;
			productRefGroup = FD1FAFD720E4B3C800FCCC49 /* Products */;
			projectDirPath = "";
			projectRoot = "";
			targets = (
				FD1FAFD520E4B3C800FCCC49 /* EncodingDecoding */,
			);
		};
/* End PBXProject section */

/* Begin PBXResourcesBuildPhase section */
		FD1FAFD420E4B3C800FCCC49 /* Resources */ = {
			isa = PBXResourcesBuildPhase;
			buildActionMask = 2147483647;
			files = (
				FD1FAFE420E4B3C900FCCC49 /* LaunchScreen.storyboard in Resources */,
				FD1FAFE120E4B3C900FCCC49 /* Assets.xcassets in Resources */,
				FD1FAFDF20E4B3C800FCCC49 /* Main.storyboard in Resources */,
			);
			runOnlyForDeploymentPostprocessing = 0;
		};
/* End PBXResourcesBuildPhase section */

/* Begin PBXSourcesBuildPhase section */
		FD1FAFD220E4B3C800FCCC49 /* Sources */ = {
			isa = PBXSourcesBuildPhase;
			buildActionMask = 2147483647;
			files = (
				FD1FAFDC20E4B3C800FCCC49 /* ViewController.swift in Sources */,
				FD1FAFDA20E4B3C800FCCC49 /* AppDelegate.swift in Sources */,
				FD1FAFEC20E4B47500FCCC49 /* Landmark.swift in Sources */,
				FD1FAFEE20E4C97600FCCC49 /* OldDataModel.swift in Sources */,
			);
			runOnlyForDeploymentPostprocessing = 0;
		};
/* End PBXSourcesBuildPhase section */

/* Begin PBXVariantGroup section */
		FD1FAFDD20E4B3C800FCCC49 /* Main.storyboard */ = {
			isa = PBXVariantGroup;
			children = (
				FD1FAFDE20E4B3C800FCCC49 /* Base */,
			);
			name = Main.storyboard;
			sourceTree = "<group>";
		};
		FD1FAFE220E4B3C900FCCC49 /* LaunchScreen.storyboard */ = {
			isa = PBXVariantGroup;
			children = (
				FD1FAFE320E4B3C900FCCC49 /* Base */,
			);
			name = LaunchScreen.storyboard;
			sourceTree = "<group>";
		};
/* End PBXVariantGroup section */

/* Begin XCBuildConfiguration section */
		FD1FAFE620E4B3C900FCCC49 /* Debug */ = {
			isa = XCBuildConfiguration;
			buildSettings = {
				ALWAYS_SEARCH_USER_PATHS = NO;
				CLANG_ANALYZER_NONNULL = YES;
				CLANG_ANALYZER_NUMBER_OBJECT_CONVERSION = YES_AGGRESSIVE;
				CLANG_CXX_LANGUAGE_STANDARD = "gnu++14";
				CLANG_CXX_LIBRARY = "libc++";
				CLANG_ENABLE_MODULES = YES;
				CLANG_ENABLE_OBJC_ARC = YES;
				CLANG_ENABLE_OBJC_WEAK = YES;
				CLANG_WARN_BLOCK_CAPTURE_AUTORELEASING = YES;
				CLANG_WARN_BOOL_CONVERSION = YES;
				CLANG_WARN_COMMA = YES;
				CLANG_WARN_CONSTANT_CONVERSION = YES;
				CLANG_WARN_DEPRECATED_OBJC_IMPLEMENTATIONS = YES;
				CLANG_WARN_DIRECT_OBJC_ISA_USAGE = YES_ERROR;
				CLANG_WARN_DOCUMENTATION_COMMENTS = YES;
				CLANG_WARN_EMPTY_BODY = YES;
				CLANG_WARN_ENUM_CONVERSION = YES;
				CLANG_WARN_INFINITE_RECURSION = YES;
				CLANG_WARN_INT_CONVERSION = YES;
				CLANG_WARN_NON_LITERAL_NULL_CONVERSION = YES;
				CLANG_WARN_OBJC_IMPLICIT_RETAIN_SELF = YES;
				CLANG_WARN_OBJC_LITERAL_CONVERSION = YES;
				CLANG_WARN_OBJC_ROOT_CLASS = YES_ERROR;
				CLANG_WARN_RANGE_LOOP_ANALYSIS = YES;
				CLANG_WARN_STRICT_PROTOTYPES = YES;
				CLANG_WARN_SUSPICIOUS_MOVE = YES;
				CLANG_WARN_UNGUARDED_AVAILABILITY = YES_AGGRESSIVE;
				CLANG_WARN_UNREACHABLE_CODE = YES;
				CLANG_WARN__DUPLICATE_METHOD_MATCH = YES;
				CODE_SIGN_IDENTITY = "iPhone Developer";
				COPY_PHASE_STRIP = NO;
				DEBUG_INFORMATION_FORMAT = dwarf;
				ENABLE_STRICT_OBJC_MSGSEND = YES;
				ENABLE_TESTABILITY = YES;
				GCC_C_LANGUAGE_STANDARD = gnu11;
				GCC_DYNAMIC_NO_PIC = NO;
				GCC_NO_COMMON_BLOCKS = YES;
				GCC_OPTIMIZATION_LEVEL = 0;
				GCC_PREPROCESSOR_DEFINITIONS = (
					"DEBUG=1",
					"$(inherited)",
				);
				GCC_WARN_64_TO_32_BIT_CONVERSION = YES;
				GCC_WARN_ABOUT_RETURN_TYPE = YES_ERROR;
				GCC_WARN_UNDECLARED_SELECTOR = YES;
				GCC_WARN_UNINITIALIZED_AUTOS = YES_AGGRESSIVE;
				GCC_WARN_UNUSED_FUNCTION = YES;
				GCC_WARN_UNUSED_VARIABLE = YES;
				IPHONEOS_DEPLOYMENT_TARGET = 11.4;
				MTL_ENABLE_DEBUG_INFO = YES;
				ONLY_ACTIVE_ARCH = YES;
				SDKROOT = iphoneos;
				SWIFT_ACTIVE_COMPILATION_CONDITIONS = DEBUG;
				SWIFT_OPTIMIZATION_LEVEL = "-Onone";
			};
			name = Debug;
		};
		FD1FAFE720E4B3C900FCCC49 /* Release */ = {
			isa = XCBuildConfiguration;
			buildSettings = {
				ALWAYS_SEARCH_USER_PATHS = NO;
				CLANG_ANALYZER_NONNULL = YES;
				CLANG_ANALYZER_NUMBER_OBJECT_CONVERSION = YES_AGGRESSIVE;
				CLANG_CXX_LANGUAGE_STANDARD = "gnu++14";
				CLANG_CXX_LIBRARY = "libc++";
				CLANG_ENABLE_MODULES = YES;
				CLANG_ENABLE_OBJC_ARC = YES;
				CLANG_ENABLE_OBJC_WEAK = YES;
				CLANG_WARN_BLOCK_CAPTURE_AUTORELEASING = YES;
				CLANG_WARN_BOOL_CONVERSION = YES;
				CLANG_WARN_COMMA = YES;
				CLANG_WARN_CONSTANT_CONVERSION = YES;
				CLANG_WARN_DEPRECATED_OBJC_IMPLEMENTATIONS = YES;
				CLANG_WARN_DIRECT_OBJC_ISA_USAGE = YES_ERROR;
				CLANG_WARN_DOCUMENTATION_COMMENTS = YES;
				CLANG_WARN_EMPTY_BODY = YES;
				CLANG_WARN_ENUM_CONVERSION = YES;
				CLANG_WARN_INFINITE_RECURSION = YES;
				CLANG_WARN_INT_CONVERSION = YES;
				CLANG_WARN_NON_LITERAL_NULL_CONVERSION = YES;
				CLANG_WARN_OBJC_IMPLICIT_RETAIN_SELF = YES;
				CLANG_WARN_OBJC_LITERAL_CONVERSION = YES;
				CLANG_WARN_OBJC_ROOT_CLASS = YES_ERROR;
				CLANG_WARN_RANGE_LOOP_ANALYSIS = YES;
				CLANG_WARN_STRICT_PROTOTYPES = YES;
				CLANG_WARN_SUSPICIOUS_MOVE = YES;
				CLANG_WARN_UNGUARDED_AVAILABILITY = YES_AGGRESSIVE;
				CLANG_WARN_UNREACHABLE_CODE = YES;
				CLANG_WARN__DUPLICATE_METHOD_MATCH = YES;
				CODE_SIGN_IDENTITY = "iPhone Developer";
				COPY_PHASE_STRIP = NO;
				DEBUG_INFORMATION_FORMAT = "dwarf-with-dsym";
				ENABLE_NS_ASSERTIONS = NO;
				ENABLE_STRICT_OBJC_MSGSEND = YES;
				GCC_C_LANGUAGE_STANDARD = gnu11;
				GCC_NO_COMMON_BLOCKS = YES;
				GCC_WARN_64_TO_32_BIT_CONVERSION = YES;
				GCC_WARN_ABOUT_RETURN_TYPE = YES_ERROR;
				GCC_WARN_UNDECLARED_SELECTOR = YES;
				GCC_WARN_UNINITIALIZED_AUTOS = YES_AGGRESSIVE;
				GCC_WARN_UNUSED_FUNCTION = YES;
				GCC_WARN_UNUSED_VARIABLE = YES;
				IPHONEOS_DEPLOYMENT_TARGET = 11.4;
				MTL_ENABLE_DEBUG_INFO = NO;
				SDKROOT = iphoneos;
				SWIFT_COMPILATION_MODE = wholemodule;
				SWIFT_OPTIMIZATION_LEVEL = "-O";
				VALIDATE_PRODUCT = YES;
			};
			name = Release;
		};
		FD1FAFE920E4B3C900FCCC49 /* Debug */ = {
			isa = XCBuildConfiguration;
			buildSettings = {
				ASSETCATALOG_COMPILER_APPICON_NAME = AppIcon;
				CODE_SIGN_STYLE = Automatic;
				INFOPLIST_FILE = EncodingDecoding/Info.plist;
				LD_RUNPATH_SEARCH_PATHS = (
					"$(inherited)",
					"@executable_path/Frameworks",
				);
				PRODUCT_BUNDLE_IDENTIFIER = com.deepak.patil.EncodingDecoding;
				PRODUCT_NAME = "$(TARGET_NAME)";
				SWIFT_VERSION = 4.0;
				TARGETED_DEVICE_FAMILY = "1,2";
			};
			name = Debug;
		};
		FD1FAFEA20E4B3C900FCCC49 /* Release */ = {
			isa = XCBuildConfiguration;
			buildSettings = {
				ASSETCATALOG_COMPILER_APPICON_NAME = AppIcon;
				CODE_SIGN_STYLE = Automatic;
				INFOPLIST_FILE = EncodingDecoding/Info.plist;
				LD_RUNPATH_SEARCH_PATHS = (
					"$(inherited)",
					"@executable_path/Frameworks",
				);
				PRODUCT_BUNDLE_IDENTIFIER = com.deepak.patil.EncodingDecoding;
				PRODUCT_NAME = "$(TARGET_NAME)";
				SWIFT_VERSION = 4.0;
				TARGETED_DEVICE_FAMILY = "1,2";
			};
			name = Release;
		};
/* End XCBuildConfiguration section */

/* Begin XCConfigurationList section */
		FD1FAFD120E4B3C800FCCC49 /* Build configuration list for PBXProject "EncodingDecoding" */ = {
			isa = XCConfigurationList;
			buildConfigurations = (
				FD1FAFE620E4B3C900FCCC49 /* Debug */,
				FD1FAFE720E4B3C900FCCC49 /* Release */,
			);
			defaultConfigurationIsVisible = 0;
			defaultConfigurationName = Release;
		};
		FD1FAFE820E4B3C900FCCC49 /* Build configuration list for PBXNativeTarget "EncodingDecoding" */ = {
			isa = XCConfigurationList;
			buildConfigurations = (
				FD1FAFE920E4B3C900FCCC49 /* Debug */,
				FD1FAFEA20E4B3C900FCCC49 /* Release */,
			);
			defaultConfigurationIsVisible = 0;
			defaultConfigurationName = Release;
		};
/* End XCConfigurationList section */
	};
	rootObject = FD1FAFCE20E4B3C800FCCC49 /* Project object */;
}
